
Microsoft Visual Studio Solution File, Format Version 12.00
# Visual Studio Version 16
VisualStudioVersion = 16.0.34031.81
MinimumVisualStudioVersion = 10.0.40219.1
Project("{FAE04EC0-301F-11D3-BF4B-00C04F79EFBC}") = "PharmacyProgramm", "PharmacyProgramm\PharmacyProgramm.csproj", "{2771BA90-F12C-4326-84C7-E4B001ACFC54}"
EndProject
Global
	GlobalSection(SolutionConfigurationPlatforms) = preSolution
		Debug|Any CPU = Debug|Any CPU
		Release|Any CPU = Release|Any CPU
	EndGlobalSection
	GlobalSection(ProjectConfigurationPlatforms) = postSolution
		{2771BA90-F12C-4326-84C7-E4B001ACFC54}.Debug|Any CPU.ActiveCfg = Debug|Any CPU
		{2771BA90-F12C-4326-84C7-E4B001ACFC54}.Debug|Any CPU.Build.0 = Debug|Any CPU
		{2771BA90-F12C-4326-84C7-E4B001ACFC54}.Release|Any CPU.ActiveCfg = Release|Any CPU
		{2771BA90-F12C-4326-84C7-E4B001ACFC54}.Release|Any CPU.Build.0 = Release|Any CPU
	EndGlobalSection
	GlobalSection(SolutionProperties) = preSolution
		HideSolutionNode = FALSE
	EndGlobalSection
	GlobalSection(ExtensibilityGlobals) = postSolution
		SolutionGuid = {00B520DE-A69D-43B6-9207-CB19286EA255}
	EndGlobalSection
EndGlobal
